// !$*UTF8*$!
{
	archiveVersion = 1;
	classes = {
	};
	objectVersion = 46;
	objects = {

/* Begin PBXBuildFile section */
		848A00DA1D4594400068B409 /* AppDelegate.swift in Sources */ = {isa = PBXBuildFile; fileRef = 848A00D91D4594400068B409 /* AppDelegate.swift */; };
		848A00DC1D4594400068B409 /* ViewController.swift in Sources */ = {isa = PBXBuildFile; fileRef = 848A00DB1D4594400068B409 /* ViewController.swift */; };
		848A00DF1D4594400068B409 /* Main.storyboard in Resources */ = {isa = PBXBuildFile; fileRef = 848A00DD1D4594400068B409 /* Main.storyboard */; };
		848A00E11D4594400068B409 /* Assets.xcassets in Resources */ = {isa = PBXBuildFile; fileRef = 848A00E01D4594400068B409 /* Assets.xcassets */; };
		848A00E41D4594400068B409 /* LaunchScreen.storyboard in Resources */ = {isa = PBXBuildFile; fileRef = 848A00E21D4594400068B409 /* LaunchScreen.storyboard */; };
		848A00EF1D4594400068B409 /* Blue_and_RedTests.swift in Sources */ = {isa = PBXBuildFile; fileRef = 848A00EE1D4594400068B409 /* Blue_and_RedTests.swift */; };
		848A00FA1D4594400068B409 /* Blue_and_RedUITests.swift in Sources */ = {isa = PBXBuildFile; fileRef = 848A00F91D4594400068B409 /* Blue_and_RedUITests.swift */; };
/* End PBXBuildFile section */

/* Begin PBXContainerItemProxy section */
		848A00EB1D4594400068B409 /* PBXContainerItemProxy */ = {
			isa = PBXContainerItemProxy;
			containerPortal = 848A00CE1D4594400068B409 /* Project object */;
			proxyType = 1;
			remoteGlobalIDString = 848A00D51D4594400068B409;
			remoteInfo = "Blue and Red";
		};
		848A00F61D4594400068B409 /* PBXContainerItemProxy */ = {
			isa = PBXContainerItemProxy;
			containerPortal = 848A00CE1D4594400068B409 /* Project object */;
			proxyType = 1;
			remoteGlobalIDString = 848A00D51D4594400068B409;
			remoteInfo = "Blue and Red";
		};
/* End PBXContainerItemProxy section */

/* Begin PBXFileReference section */
		848A00D61D4594400068B409 /* Blue and Red.app */ = {isa = PBXFileReference; explicitFileType = wrapper.application; includeInIndex = 0; path = "Blue and Red.app"; sourceTree = BUILT_PRODUCTS_DIR; };
		848A00D91D4594400068B409 /* AppDelegate.swift */ = {isa = PBXFileReference; lastKnownFileType = sourcecode.swift; path = AppDelegate.swift; sourceTree = "<group>"; };
		848A00DB1D4594400068B409 /* ViewController.swift */ = {isa = PBXFileReference; lastKnownFileType = sourcecode.swift; path = ViewController.swift; sourceTree = "<group>"; };
		848A00DE1D4594400068B409 /* Base */ = {isa = PBXFileReference; lastKnownFileType = file.storyboard; name = Base; path = Base.lproj/Main.storyboard; sourceTree = "<group>"; };
		848A00E01D4594400068B409 /* Assets.xcassets */ = {isa = PBXFileReference; lastKnownFileType = folder.assetcatalog; path = Assets.xcassets; sourceTree = "<group>"; };
		848A00E31D4594400068B409 /* Base */ = {isa = PBXFileReference; lastKnownFileType = file.storyboard; name = Base; path = Base.lproj/LaunchScreen.storyboard; sourceTree = "<group>"; };
		848A00E51D4594400068B409 /* Info.plist */ = {isa = PBXFileReference; lastKnownFileType = text.plist.xml; path = Info.plist; sourceTree = "<group>"; };
		848A00EA1D4594400068B409 /* Blue and RedTests.xctest */ = {isa = PBXFileReference; explicitFileType = wrapper.cfbundle; includeInIndex = 0; path = "Blue and RedTests.xctest"; sourceTree = BUILT_PRODUCTS_DIR; };
		848A00EE1D4594400068B409 /* Blue_and_RedTests.swift */ = {isa = PBXFileReference; lastKnownFileType = sourcecode.swift; path = Blue_and_RedTests.swift; sourceTree = "<group>"; };
		848A00F01D4594400068B409 /* Info.plist */ = {isa = PBXFileReference; lastKnownFileType = text.plist.xml; path = Info.plist; sourceTree = "<group>"; };
		848A00F51D4594400068B409 /* Blue and RedUITests.xctest */ = {isa = PBXFileReference; explicitFileType = wrapper.cfbundle; includeInIndex = 0; path = "Blue and RedUITests.xctest"; sourceTree = BUILT_PRODUCTS_DIR; };
		848A00F91D4594400068B409 /* Blue_and_RedUITests.swift */ = {isa = PBXFileReference; lastKnownFileType = sourcecode.swift; path = Blue_and_RedUITests.swift; sourceTree = "<group>"; };
		848A00FB1D4594400068B409 /* Info.plist */ = {isa = PBXFileReference; lastKnownFileType = text.plist.xml; path = Info.plist; sourceTree = "<group>"; };
/* End PBXFileReference section */

/* Begin PBXFrameworksBuildPhase section */
		848A00D31D4594400068B409 /* Frameworks */ = {
			isa = PBXFrameworksBuildPhase;
			buildActionMask = 2147483647;
			files = (
			);
			runOnlyForDeploymentPostprocessing = 0;
		};
		848A00E71D4594400068B409 /* Frameworks */ = {
			isa = PBXFrameworksBuildPhase;
			buildActionMask = 2147483647;
			files = (
			);
			runOnlyForDeploymentPostprocessing = 0;
		};
		848A00F21D4594400068B409 /* Frameworks */ = {
			isa = PBXFrameworksBuildPhase;
			buildActionMask = 2147483647;
			files = (
			);
			runOnlyForDeploymentPostprocessing = 0;
		};
/* End PBXFrameworksBuildPhase section */

/* Begin PBXGroup section */
		848A00CD1D4594400068B409 = {
			isa = PBXGroup;
			children = (
				848A00D81D4594400068B409 /* Blue and Red */,
				848A00ED1D4594400068B409 /* Blue and RedTests */,
				848A00F81D4594400068B409 /* Blue and RedUITests */,
				848A00D71D4594400068B409 /* Products */,
			);
			sourceTree = "<group>";
		};
		848A00D71D4594400068B409 /* Products */ = {
			isa = PBXGroup;
			children = (
				848A00D61D4594400068B409 /* Blue and Red.app */,
				848A00EA1D4594400068B409 /* Blue and RedTests.xctest */,
				848A00F51D4594400068B409 /* Blue and RedUITests.xctest */,
			);
			name = Products;
			sourceTree = "<group>";
		};
		848A00D81D4594400068B409 /* Blue and Red */ = {
			isa = PBXGroup;
			children = (
				848A00D91D4594400068B409 /* AppDelegate.swift */,
				848A00DB1D4594400068B409 /* ViewController.swift */,
				848A00DD1D4594400068B409 /* Main.storyboard */,
				848A00E01D4594400068B409 /* Assets.xcassets */,
				848A00E21D4594400068B409 /* LaunchScreen.storyboard */,
				848A00E51D4594400068B409 /* Info.plist */,
			);
			path = "Blue and Red";
			sourceTree = "<group>";
		};
		848A00ED1D4594400068B409 /* Blue and RedTests */ = {
			isa = PBXGroup;
			children = (
				848A00EE1D4594400068B409 /* Blue_and_RedTests.swift */,
				848A00F01D4594400068B409 /* Info.plist */,
			);
			path = "Blue and RedTests";
			sourceTree = "<group>";
		};
		848A00F81D4594400068B409 /* Blue and RedUITests */ = {
			isa = PBXGroup;
			children = (
				848A00F91D4594400068B409 /* Blue_and_RedUITests.swift */,
				848A00FB1D4594400068B409 /* Info.plist */,
			);
			path = "Blue and RedUITests";
			sourceTree = "<group>";
		};
/* End PBXGroup section */

/* Begin PBXNativeTarget section */
		848A00D51D4594400068B409 /* Blue and Red */ = {
			isa = PBXNativeTarget;
			buildConfigurationList = 848A00FE1D4594400068B409 /* Build configuration list for PBXNativeTarget "Blue and Red" */;
			buildPhases = (
				848A00D21D4594400068B409 /* Sources */,
				848A00D31D4594400068B409 /* Frameworks */,
				848A00D41D4594400068B409 /* Resources */,
			);
			buildRules = (
			);
			dependencies = (
			);
			name = "Blue and Red";
			productName = "Blue and Red";
			productReference = 848A00D61D4594400068B409 /* Blue and Red.app */;
			productType = "com.apple.product-type.application";
		};
		848A00E91D4594400068B409 /* Blue and RedTests */ = {
			isa = PBXNativeTarget;
			buildConfigurationList = 848A01011D4594400068B409 /* Build configuration list for PBXNativeTarget "Blue and RedTests" */;
			buildPhases = (
				848A00E61D4594400068B409 /* Sources */,
				848A00E71D4594400068B409 /* Frameworks */,
				848A00E81D4594400068B409 /* Resources */,
			);
			buildRules = (
			);
			dependencies = (
				848A00EC1D4594400068B409 /* PBXTargetDependency */,
			);
			name = "Blue and RedTests";
			productName = "Blue and RedTests";
			productReference = 848A00EA1D4594400068B409 /* Blue and RedTests.xctest */;
			productType = "com.apple.product-type.bundle.unit-test";
		};
		848A00F41D4594400068B409 /* Blue and RedUITests */ = {
			isa = PBXNativeTarget;
			buildConfigurationList = 848A01041D4594400068B409 /* Build configuration list for PBXNativeTarget "Blue and RedUITests" */;
			buildPhases = (
				848A00F11D4594400068B409 /* Sources */,
				848A00F21D4594400068B409 /* Frameworks */,
				848A00F31D4594400068B409 /* Resources */,
			);
			buildRules = (
			);
			dependencies = (
				848A00F71D4594400068B409 /* PBXTargetDependency */,
			);
			name = "Blue and RedUITests";
			productName = "Blue and RedUITests";
			productReference = 848A00F51D4594400068B409 /* Blue and RedUITests.xctest */;
			productType = "com.apple.product-type.bundle.ui-testing";
		};
/* End PBXNativeTarget section */

/* Begin PBXProject section */
		848A00CE1D4594400068B409 /* Project object */ = {
			isa = PBXProject;
			attributes = {
				LastSwiftUpdateCheck = 0730;
				LastUpgradeCheck = 0730;
				ORGANIZATIONNAME = "Hikes You Can Do";
				TargetAttributes = {
					848A00D51D4594400068B409 = {
						CreatedOnToolsVersion = 7.3.1;
						DevelopmentTeam = UKYEXPX767;
					};
					848A00E91D4594400068B409 = {
						CreatedOnToolsVersion = 7.3.1;
						DevelopmentTeam = UKYEXPX767;
						TestTargetID = 848A00D51D4594400068B409;
					};
					848A00F41D4594400068B409 = {
						CreatedOnToolsVersion = 7.3.1;
						DevelopmentTeam = UKYEXPX767;
						TestTargetID = 848A00D51D4594400068B409;
					};
				};
			};
			buildConfigurationList = 848A00D11D4594400068B409 /* Build configuration list for PBXProject "Blue and Red" */;
			compatibilityVersion = "Xcode 3.2";
			developmentRegion = English;
			hasScannedForEncodings = 0;
			knownRegions = (
				en,
				Base,
			);
			mainGroup = 848A00CD1D4594400068B409;
			productRefGroup = 848A00D71D4594400068B409 /* Products */;
			projectDirPath = "";
			projectRoot = "";
			targets = (
				848A00D51D4594400068B409 /* Blue and Red */,
				848A00E91D4594400068B409 /* Blue and RedTests */,
				848A00F41D4594400068B409 /* Blue and RedUITests */,
			);
		};
/* End PBXProject section */

/* Begin PBXResourcesBuildPhase section */
		848A00D41D4594400068B409 /* Resources */ = {
			isa = PBXResourcesBuildPhase;
			buildActionMask = 2147483647;
			files = (
				848A00E41D4594400068B409 /* LaunchScreen.storyboard in Resources */,
				848A00E11D4594400068B409 /* Assets.xcassets in Resources */,
				848A00DF1D4594400068B409 /* Main.storyboard in Resources */,
			);
			runOnlyForDeploymentPostprocessing = 0;
		};
		848A00E81D4594400068B409 /* Resources */ = {
			isa = PBXResourcesBuildPhase;
			buildActionMask = 2147483647;
			files = (
			);
			runOnlyForDeploymentPostprocessing = 0;
		};
		848A00F31D4594400068B409 /* Resources */ = {
			isa = PBXResourcesBuildPhase;
			buildActionMask = 2147483647;
			files = (
			);
			runOnlyForDeploymentPostprocessing = 0;
		};
/* End PBXResourcesBuildPhase section */

/* Begin PBXSourcesBuildPhase section */
		848A00D21D4594400068B409 /* Sources */ = {
			isa = PBXSourcesBuildPhase;
			buildActionMask = 2147483647;
			files = (
				848A00DC1D4594400068B409 /* ViewController.swift in Sources */,
				848A00DA1D4594400068B409 /* AppDelegate.swift in Sources */,
			);
			runOnlyForDeploymentPostprocessing = 0;
		};
		848A00E61D4594400068B409 /* Sources */ = {
			isa = PBXSourcesBuildPhase;
			buildActionMask = 2147483647;
			files = (
				848A00EF1D4594400068B409 /* Blue_and_RedTests.swift in Sources */,
			);
			runOnlyForDeploymentPostprocessing = 0;
		};
		848A00F11D4594400068B409 /* Sources */ = {
			isa = PBXSourcesBuildPhase;
			buildActionMask = 2147483647;
			files = (
				848A00FA1D4594400068B409 /* Blue_and_RedUITests.swift in Sources */,
			);
			runOnlyForDeploymentPostprocessing = 0;
		};
/* End PBXSourcesBuildPhase section */

/* Begin PBXTargetDependency section */
		848A00EC1D4594400068B409 /* PBXTargetDependency */ = {
			isa = PBXTargetDependency;
			target = 848A00D51D4594400068B409 /* Blue and Red */;
			targetProxy = 848A00EB1D4594400068B409 /* PBXContainerItemProxy */;
		};
		848A00F71D4594400068B409 /* PBXTargetDependency */ = {
			isa = PBXTargetDependency;
			target = 848A00D51D4594400068B409 /* Blue and Red */;
			targetProxy = 848A00F61D4594400068B409 /* PBXContainerItemProxy */;
		};
/* End PBXTargetDependency section */

/* Begin PBXVariantGroup section */
		848A00DD1D4594400068B409 /* Main.storyboard */ = {
			isa = PBXVariantGroup;
			children = (
				848A00DE1D4594400068B409 /* Base */,
			);
			name = Main.storyboard;
			sourceTree = "<group>";
		};
		848A00E21D4594400068B409 /* LaunchScreen.storyboard */ = {
			isa = PBXVariantGroup;
			children = (
				848A00E31D4594400068B409 /* Base */,
			);
			name = LaunchScreen.storyboard;
			sourceTree = "<group>";
		};
/* End PBXVariantGroup section */

/* Begin XCBuildConfiguration section */
		848A00FC1D4594400068B409 /* Debug */ = {
			isa = XCBuildConfiguration;
			buildSettings = {
				ALWAYS_SEARCH_USER_PATHS = NO;
				CLANG_ANALYZER_NONNULL = YES;
				CLANG_CXX_LANGUAGE_STANDARD = "gnu++0x";
				CLANG_CXX_LIBRARY = "libc++";
				CLANG_ENABLE_MODULES = YES;
				CLANG_ENABLE_OBJC_ARC = YES;
				CLANG_WARN_BOOL_CONVERSION = YES;
				CLANG_WARN_CONSTANT_CONVERSION = YES;
				CLANG_WARN_DIRECT_OBJC_ISA_USAGE = YES_ERROR;
				CLANG_WARN_EMPTY_BODY = YES;
				CLANG_WARN_ENUM_CONVERSION = YES;
				CLANG_WARN_INT_CONVERSION = YES;
				CLANG_WARN_OBJC_ROOT_CLASS = YES_ERROR;
				CLANG_WARN_UNREACHABLE_CODE = YES;
				CLANG_WARN__DUPLICATE_METHOD_MATCH = YES;
				"CODE_SIGN_IDENTITY[sdk=iphoneos*]" = "iPhone Developer";
				COPY_PHASE_STRIP = NO;
				DEBUG_INFORMATION_FORMAT = dwarf;
				ENABLE_STRICT_OBJC_MSGSEND = YES;
				ENABLE_TESTABILITY = YES;
				GCC_C_LANGUAGE_STANDARD = gnu99;
				GCC_DYNAMIC_NO_PIC = NO;
				GCC_NO_COMMON_BLOCKS = YES;
				GCC_OPTIMIZATION_LEVEL = 0;
				GCC_PREPROCESSOR_DEFINITIONS = (
					"DEBUG=1",
					"$(inherited)",
				);
				GCC_WARN_64_TO_32_BIT_CONVERSION = YES;
				GCC_WARN_ABOUT_RETURN_TYPE = YES_ERROR;
				GCC_WARN_UNDECLARED_SELECTOR = YES;
				GCC_WARN_UNINITIALIZED_AUTOS = YES_AGGRESSIVE;
				GCC_WARN_UNUSED_FUNCTION = YES;
				GCC_WARN_UNUSED_VARIABLE = YES;
				IPHONEOS_DEPLOYMENT_TARGET = 9.3;
				MTL_ENABLE_DEBUG_INFO = YES;
				ONLY_ACTIVE_ARCH = YES;
				SDKROOT = iphoneos;
				SWIFT_OPTIMIZATION_LEVEL = "-Onone";
			};
			name = Debug;
		};
		848A00FD1D4594400068B409 /* Release */ = {
			isa = XCBuildConfiguration;
			buildSettings = {
				ALWAYS_SEARCH_USER_PATHS = NO;
				CLANG_ANALYZER_NONNULL = YES;
				CLANG_CXX_LANGUAGE_STANDARD = "gnu++0x";
				CLANG_CXX_LIBRARY = "libc++";
				CLANG_ENABLE_MODULES = YES;
				CLANG_ENABLE_OBJC_ARC = YES;
				CLANG_WARN_BOOL_CONVERSION = YES;
				CLANG_WARN_CONSTANT_CONVERSION = YES;
				CLANG_WARN_DIRECT_OBJC_ISA_USAGE = YES_ERROR;
				CLANG_WARN_EMPTY_BODY = YES;
				CLANG_WARN_ENUM_CONVERSION = YES;
				CLANG_WARN_INT_CONVERSION = YES;
				CLANG_WARN_OBJC_ROOT_CLASS = YES_ERROR;
				CLANG_WARN_UNREACHABLE_CODE = YES;
				CLANG_WARN__DUPLICATE_METHOD_MATCH = YES;
				"CODE_SIGN_IDENTITY[sdk=iphoneos*]" = "iPhone Developer";
				COPY_PHASE_STRIP = NO;
				DEBUG_INFORMATION_FORMAT = "dwarf-with-dsym";
				ENABLE_NS_ASSERTIONS = NO;
				ENABLE_STRICT_OBJC_MSGSEND = YES;
				GCC_C_LANGUAGE_STANDARD = gnu99;
				GCC_NO_COMMON_BLOCKS = YES;
				GCC_WARN_64_TO_32_BIT_CONVERSION = YES;
				GCC_WARN_ABOUT_RETURN_TYPE = YES_ERROR;
				GCC_WARN_UNDECLARED_SELECTOR = YES;
				GCC_WARN_UNINITIALIZED_AUTOS = YES_AGGRESSIVE;
				GCC_WARN_UNUSED_FUNCTION = YES;
				GCC_WARN_UNUSED_VARIABLE = YES;
				IPHONEOS_DEPLOYMENT_TARGET = 9.3;
				MTL_ENABLE_DEBUG_INFO = NO;
				SDKROOT = iphoneos;
				VALIDATE_PRODUCT = YES;
			};
			name = Release;
		};
		848A00FF1D4594400068B409 /* Debug */ = {
			isa = XCBuildConfiguration;
			buildSettings = {
				ASSETCATALOG_COMPILER_APPICON_NAME = AppIcon;
				INFOPLIST_FILE = "Blue and Red/Info.plist";
				LD_RUNPATH_SEARCH_PATHS = "$(inherited) @executable_path/Frameworks";
				PRODUCT_BUNDLE_IDENTIFIER = "come.hikesyoucando.Blue-and-Red";
				PRODUCT_NAME = "$(TARGET_NAME)";
			};
			name = Debug;
		};
		848A01001D4594400068B409 /* Release */ = {
			isa = XCBuildConfiguration;
			buildSettings = {
				ASSETCATALOG_COMPILER_APPICON_NAME = AppIcon;
				INFOPLIST_FILE = "Blue and Red/Info.plist";
				LD_RUNPATH_SEARCH_PATHS = "$(inherited) @executable_path/Frameworks";
				PRODUCT_BUNDLE_IDENTIFIER = "come.hikesyoucando.Blue-and-Red";
				PRODUCT_NAME = "$(TARGET_NAME)";
			};
			name = Release;
		};
		848A01021D4594400068B409 /* Debug */ = {
			isa = XCBuildConfiguration;
			buildSettings = {
				BUNDLE_LOADER = "$(TEST_HOST)";
				INFOPLIST_FILE = "Blue and RedTests/Info.plist";
				LD_RUNPATH_SEARCH_PATHS = "$(inherited) @executable_path/Frameworks @loader_path/Frameworks";
				PRODUCT_BUNDLE_IDENTIFIER = "come.hikesyoucando.Blue-and-RedTests";
				PRODUCT_NAME = "$(TARGET_NAME)";
				TEST_HOST = "$(BUILT_PRODUCTS_DIR)/Blue and Red.app/Blue and Red";
			};
			name = Debug;
		};
		848A01031D4594400068B409 /* Release */ = {
			isa = XCBuildConfiguration;
			buildSettings = {
				BUNDLE_LOADER = "$(TEST_HOST)";
				INFOPLIST_FILE = "Blue and RedTests/Info.plist";
				LD_RUNPATH_SEARCH_PATHS = "$(inherited) @executable_path/Frameworks @loader_path/Frameworks";
				PRODUCT_BUNDLE_IDENTIFIER = "come.hikesyoucando.Blue-and-RedTests";
				PRODUCT_NAME = "$(TARGET_NAME)";
				TEST_HOST = "$(BUILT_PRODUCTS_DIR)/Blue and Red.app/Blue and Red";
			};
			name = Release;
		};
		848A01051D4594400068B409 /* Debug */ = {
			isa = XCBuildConfiguration;
			buildSettings = {
				INFOPLIST_FILE = "Blue and RedUITests/Info.plist";
				LD_RUNPATH_SEARCH_PATHS = "$(inherited) @executable_path/Frameworks @loader_path/Frameworks";
				PRODUCT_BUNDLE_IDENTIFIER = "come.hikesyoucando.Blue-and-RedUITests";
				PRODUCT_NAME = "$(TARGET_NAME)";
				TEST_TARGET_NAME = "Blue and Red";
			};
			name = Debug;
		};
		848A01061D4594400068B409 /* Release */ = {
			isa = XCBuildConfiguration;
			buildSettings = {
				INFOPLIST_FILE = "Blue and RedUITests/Info.plist";
				LD_RUNPATH_SEARCH_PATHS = "$(inherited) @executable_path/Frameworks @loader_path/Frameworks";
				PRODUCT_BUNDLE_IDENTIFIER = "come.hikesyoucando.Blue-and-RedUITests";
				PRODUCT_NAME = "$(TARGET_NAME)";
				TEST_TARGET_NAME = "Blue and Red";
			};
			name = Release;
		};
/* End XCBuildConfiguration section */

/* Begin XCConfigurationList section */
		848A00D11D4594400068B409 /* Build configuration list for PBXProject "Blue and Red" */ = {
			isa = XCConfigurationList;
			buildConfigurations = (
				848A00FC1D4594400068B409 /* Debug */,
				848A00FD1D4594400068B409 /* Release */,
			);
			defaultConfigurationIsVisible = 0;
			defaultConfigurationName = Release;
		};
		848A00FE1D4594400068B409 /* Build configuration list for PBXNativeTarget "Blue and Red" */ = {
			isa = XCConfigurationList;
			buildConfigurations = (
				848A00FF1D4594400068B409 /* Debug */,
				848A01001D4594400068B409 /* Release */,
			);
			defaultConfigurationIsVisible = 0;
		};
		848A01011D4594400068B409 /* Build configuration list for PBXNativeTarget "Blue and RedTests" */ = {
			isa = XCConfigurationList;
			buildConfigurations = (
				848A01021D4594400068B409 /* Debug */,
				848A01031D4594400068B409 /* Release */,
			);
			defaultConfigurationIsVisible = 0;
		};
		848A01041D4594400068B409 /* Build configuration list for PBXNativeTarget "Blue and RedUITests" */ = {
			isa = XCConfigurationList;
			buildConfigurations = (
				848A01051D4594400068B409 /* Debug */,
				848A01061D4594400068B409 /* Release */,
			);
			defaultConfigurationIsVisible = 0;
		};
/* End XCConfigurationList section */
	};
	rootObject = 848A00CE1D4594400068B409 /* Project object */;
}
